{
  "version": 4,
  "terraform_version": "1.14.8",
  "serial": 10,
  "lineage": "b8b6cf73-b19a-65fe-843f-5f55ec447249",
  "outputs": {
    "vm_ids": {
      "value": {
        "apolrpm1p.idm.hedc.mil": "423aed73-c599-b9da-dab3-646aba02192a"
      },
      "type": [
        "object",
        {
          "apolrpm1p.idm.hedc.mil": "string"
        }
      ]
    },
    "vm_names": {
      "value": [
        "apolrpm1p.idm.hedc.mil"
      ],
      "type": [
        "list",
        "string"
      ]
    }
  },
  "resources": [
    {
      "module": "module.vm[\"apolrpm1p.idm.hedc.mil\"]",
      "mode": "data",
      "type": "vsphere_compute_cluster",
      "name": "cluster",
      "provider": "provider[\"registry.terraform.io/hashicorp/vsphere\"]",
      "instances": [
        {
          "schema_version": 0,
          "attributes": {
            "datacenter_id": "datacenter-2",
            "id": "domain-c45974",
            "name": "G00-HEDC-ADMIN-Stretch",
            "resource_pool_id": "resgroup-45975"
          },
          "sensitive_attributes": [],
          "identity_schema_version": 0
        }
      ]
    },
    {
      "module": "module.vm[\"apolrpm1p.idm.hedc.mil\"]",
      "mode": "data",
      "type": "vsphere_datacenter",
      "name": "dc",
      "provider": "provider[\"registry.terraform.io/hashicorp/vsphere\"]",
      "instances": [
        {
          "schema_version": 0,
          "attributes": {
            "id": "datacenter-2",
            "name": "HEDC",
            "virtual_machines": [
              "HEDC-DC-001V",
              "HEDC-DC-002V",
              "HEDC-DC-003V",
              "HEDC-DC-004v",
              "KRSM-AS-VAW-AW1P",
              "KRSM-AS-VCP-CP1",
              "KRSM-AS-VCP-CP2",
              "KRSM-AS-VMC-MC1P",
              "KRSM-AS-VMC-MC2P",
              "_obsolete_10:48:7_apmanlog1p",
              "_obsolete_11:2:57_hedc-as-t2022",
              "_obsolete_12:23:42_apmanlog1p",
              "_obsolete_12:27:49_hedc-db-t2022",
              "_obsolete_13:48:9_aptenacassc-int01p",
              "_obsolete_9:20:21_hedc-wps-cec2tv",
              "_obsolete_9:20:22_hedc-wps-cec1tv",
              "_obsolete_9:20:22_hedc-wps-cec3tv",
              "_obsolete_9:23:60_apmanlog1p",
              "apacassc-pub2p",
              "apaddmc1p",
              "apaddmc2p",
              "apaddmc3p",
              "apaddmoop",
              "apafgetzla1p",
              "apafgetzla1p-orig",
              "apans1p",
              "apanscon1p",
              "apanscon2p",
              "apanscon3p",
              "apanseda1p",
              "apanshub1p",
              "apanshub2p",
              "apansinst1p",
              "apanstest1p",
              "apansweb1p",
              "apapachesustain1d.idm.hedc.mil",
              "apariaops1p",
              "apatlconf1d",
              "apatlconf1p",
              "apatlconf1t",
              "apatlconf2d",
              "apatlconf2p",
              "apatlconf2t",
              "apatlconf3d",
              "apatlconf3p",
              "apatlconf3t",
              "apatljira1d",
              "apatljira1p",
              "apatljira1t",
              "apatljira2d",
              "apatljira2p",
              "apatljira2t",
              "apatljira3d",
              "apatljira3p",
              "apatljira3t",
              "apbladeics1p",
              "apbmccg01d",
              "apbmccg01p",
              "apbmccg02p",
              "apbmccmocp",
              "apbmccmoop",
              "apbmccmsmp",
              "apbmccmwrp",
              "apcicd1p",
              "apcontainer1p",
              "apd42app01pv",
              "apd42col01pv",
              "apd42col02pv",
              "apd42col03pv",
              "apd42col04pv",
              "apdmzft1p",
              "apelkelsc01p",
              "apelkelsc02p",
              "apelkelsc03p",
              "apelkelsc04p",
              "apelkelsc05p",
              "apelkelsh01p",
              "apelkelsh02p",
              "apelkelsh03p",
              "apelkelsh04p",
              "apelkkba01p",
              "apelklgs01p",
              "apelkmas01p",
              "apelkmas02p",
              "apelkmas03p",
              "apelkmln01p",
              "apelkmon00p",
              "apelkmon01p",
              "apelkmon02p",
              "apelkmon03p",
              "apemcuc0p.20260115.cbb",
              "apemcuni1p.idm.hedc.mil.20260106.jkj",
              "apemcvw1p",
              "apformrep1d.idm.hedc.mil",
              "apformrep1p.idm.hedc.mil",
              "apformrep1t.idm.hedc.mil",
              "apformrep2d.idm.hedc.mil",
              "apformrep2t.idm.hedc.mil",
              "apgitlab1p",
              "aphedc0p.idm.hedc.mil",
              "aphedc2p",
              "aphedcr8t",
              "apibmmq1p",
              "apibmmq2p",
              "apinfpxe1p",
              "apintmps1d",
              "apintmps1p",
              "apipa1p.dmz",
              "apipa2p.dmz",
              "apipa6p",
              "apipa7p",
              "apipa8p",
              "apitsm62p.hic.hedc.mil",
              "apitsm63p.hic.hedc.mil",
              "apitsm64p.hic.hedc.mil",
              "apitsm68p.hic.hedc.mil",
              "apitsm69p.hic.hedc.mil",
              "apitsm70p.hic.hedc.mil",
              "apitsm72p.hic.hedc.mil.03132026",
              "apitsm73p.hic.hedc.mil.03132026",
              "apitsm74p.hic.hedc.mil.03132026",
              "apjavadmag1d.idm.hedc.mil",
              "apjavadmag1p.idm.hedc.mil",
              "apjavadmag1t.idm.hedc.mil",
              "apjavadmag2d.idm.hedc.mil",
              "apjavadmag2p.idm.hedc.mil",
              "apjavadmag2t.idm.hedc.mil",
              "apmanlog1p",
              "apmcapa101d",
              "apmcapa101p",
              "apmcapa101t.idm.hedc.mil",
              "apmcapa102t",
              "apnfs2p",
              "apnfs3p",
              "apnfs4p",
              "appost1p.idm.hedc.mil",
              "aprh8jmp1p",
              "aprhrpm1p.idm.hedc.mil",
              "apsl0p.idm.hedc.mil",
              "apsl1p.idm.hedc.mil",
              "apsolra101d.idm.hedc.mil",
              "apsolra101p.idm.hedc.mil",
              "apsolra101t",
              "apsolra102t",
              "apstigmgr1p",
              "aptabdat01p",
              "aptabdat01t",
              "aptabdat02p",
              "aptabdat02t",
              "aptabdat03p",
              "aptabdat03t",
              "aptabdat04p",
              "aptabdat04t",
              "aptabdat05p",
              "aptabres01t",
              "aptca101d.idm.hedc.mil",
              "aptca101p.idm.hedc.mil",
              "aptca101t.idm.hedc.mil",
              "aptca102t.idm.hedc.mil",
              "aptenacas-int01p",
              "aptenacas-int02p",
              "aptenacas-int03p",
              "aptenacas-int04p",
              "aptenacas-int05p",
              "aptenacas-pub01p",
              "aptenacas-pub02p",
              "aptenacas-pub03p",
              "aptenacas-pub04p",
              "aptenacas-pub05p",
              "aptenacas-pub06p",
              "aptenacas-pub07p",
              "aptenacas-pub08p",
              "aptenacas-pub09p",
              "aptenacas-pub10p",
              "aptenacas-pub11p",
              "aptenacas-pub12p",
              "aptenacas-pub13p",
              "aptenacas-pub14p",
              "aptenacas-pub15p",
              "aptenacassc-int01p",
              "apvcfcb01p.idm.hedc.mil",
              "apvcsa1p.idm.hedc.mil",
              "apvmstig1p",
              "apwlsbmc1p",
              "apwlsbmc2p",
              "apwlsccmb1p",
              "apwlsidm3d",
              "apwlsidm3p",
              "apwlsidm3t",
              "apwlsidm4d",
              "apwlsidm4p",
              "apwlsidm4t",
              "apwlsimap1p",
              "apwlsjavadm1d",
              "apwlsjavadm1p",
              "apwlsjavadm1t",
              "apwlsjavadm2d",
              "apwlsjavadm2p",
              "apwlsjavadm2t",
              "apwlsjavanlign1d",
              "apwlsjavanlign1p",
              "apwlsjavanlign1t",
              "apwlsjavanlign2d",
              "apwlsjavanlign2p",
              "apwlsjavanlign2t",
              "apwlsjavaom1d.20251120",
              "apwlsjavaom1p",
              "apwlsjavaom1t",
              "apwlsjavaom2d.2025.11.20",
              "apwlsjavaom2t",
              "apwlsjavatc1d",
              "apwlsjavatc1p",
              "apwlsjavatc1t",
              "apwlsjavatc2d",
              "apwlsjavatc2p",
              "apwlsjavatc2t",
              "apwlsjavatc3t",
              "apwlsjavatc4t",
              "apwlspki1p",
              "apwlsq072r1d",
              "apwlsq072r1p",
              "apwlssustain1d",
              "copy-apatljira1d",
              "copy-apatljira2d",
              "copy-apatljira3d",
              "dbbladeics1p",
              "dbinfra2p.idm.hedc.mil",
              "dbitipsbp1d.idm.hedc.mil.20230323",
              "dbitipsp61d.idm.hedc.mil.20230323",
              "dbmanlog1p",
              "dbo14d.idm.hedc.mil",
              "dbo14p.idm.hedc.mil",
              "dbo14t.idm.hedc.mil",
              "dboav1d",
              "dboav1p",
              "dboav1t.idm.hedc.mil",
              "dboraa10cap1d",
              "dboraa10cap1p",
              "dboraa10cap1t",
              "dborabmc1p",
              "dborabmc2p",
              "dboraclm1p",
              "dboraclm1t",
              "dboraconf1d",
              "dboraconf1p",
              "dboraconf1t",
              "dboradcast1d.idm.hedc.mil",
              "dboraddsri1d",
              "dboraddsri1p",
              "dboraddsri1t",
              "dboradrils1d",
              "dboradrils1p",
              "dboradrils1t",
              "dborafire1p",
              "dboraformrep1d",
              "dboraformrep1p",
              "dboraformrep1t",
              "dborainfra4p",
              "dborajira1d",
              "dborajira1p",
              "dborajira1t",
              "dboramps1d",
              "dboramps1p",
              "dboranlign1d",
              "dboranlign1p",
              "dboranlign1t",
              "dboraodg1p",
              "dborapodds1d",
              "dborapodds1p",
              "dborapodds1t",
              "dborarh02d",
              "dborarh02p",
              "dborarh12p",
              "dborarman1p",
              "dborastig1d",
              "dborasustain1d.idm.hedc.mil",
              "dboratc1d",
              "dboratc1p",
              "dboratc1t",
              "dboratc2t",
              "dborawsmt1p",
              "dborawsmt1t",
              "dbpgsans1p",
              "dmz-lbr-f5bqpv",
              "dmz-lbr-f5n1pv",
              "dmz-lbr-f5n2pv",
              "dmzacas1p",
              "hedc-as-a101dv",
              "hedc-as-a101pv",
              "hedc-as-a101tv",
              "hedc-as-a102tv",
              "hedc-as-ate1dv",
              "hedc-as-ate1pv",
              "hedc-as-bld1pv",
              "hedc-as-bld2pv",
              "hedc-as-bld3pv",
              "hedc-as-bld4pv",
              "hedc-as-bld5pv",
              "hedc-as-bld6pv",
              "hedc-as-bld7pv",
              "hedc-as-cl122pv",
              "hedc-as-clm1pv",
              "hedc-as-clm1tv",
              "hedc-as-d4205pv",
              "hedc-as-dw1pv",
              "hedc-as-e4c12pv",
              "hedc-as-e649pv",
              "hedc-as-eto1dv",
              "hedc-as-eto2pv",
              "hedc-as-eto3pv",
              "hedc-as-eto4pv",
              "hedc-as-eto5pv",
              "hedc-as-eto6pv",
              "hedc-as-eto7pv",
              "hedc-as-int1pv",
              "hedc-as-int2pv",
              "hedc-as-jpln1pv",
              "hedc-as-lica1pv",
              "hedc-as-lica1tv",
              "hedc-as-lica2pv",
              "hedc-as-lica2tv",
              "hedc-as-lica3pv",
              "hedc-as-lica3tv",
              "hedc-as-licb1pv",
              "hedc-as-licb2pv",
              "hedc-as-licb3pv",
              "hedc-as-licc1pv",
              "hedc-as-licc2pv",
              "hedc-as-licc3pv",
              "hedc-as-lmve1pv",
              "hedc-as-mdt1pv",
              "hedc-as-orc1pv",
              "hedc-as-osc1pv",
              "hedc-as-osc2pv",
              "hedc-as-osc3pv",
              "hedc-as-osc4pv",
              "hedc-as-skp01pv",
              "hedc-as-sp01pv",
              "hedc-as-sw3pv",
              "hedc-as-t006v-clone.template",
              "hedc-as-t2019.template",
              "hedc-as-t2022",
              "hedc-as-tabcm1v",
              "hedc-as-tabd1v",
              "hedc-as-tc0dv",
              "hedc-as-tctprv",
              "hedc-as-tctpv",
              "hedc-as-wanspv",
              "hedc-as-xc2pv",
              "hedc-cl01-fs1pv",
              "hedc-cl01-fs2pv",
              "hedc-db-a10dv",
              "hedc-db-a10pv",
              "hedc-db-a10tv",
              "hedc-db-abw1dv",
              "hedc-db-abw1pv",
              "hedc-db-abw1tv",
              "hedc-db-bktsttv",
              "hedc-db-cec1pv",
              "hedc-db-cec1tv",
              "hedc-db-clm1pv-3%2f16%2f26-ADG",
              "hedc-db-clm1tv.20260324.ms",
              "hedc-db-clt1pv",
              "hedc-db-fire1pv",
              "hedc-db-hz1dv",
              "hedc-db-hz1pv",
              "hedc-db-hz1tv",
              "hedc-db-mt1dv",
              "hedc-db-mt1pv",
              "hedc-db-mt1tv",
              "hedc-db-osc1pv",
              "hedc-db-pn1dv",
              "hedc-db-pn1pv",
              "hedc-db-pn1tv",
              "hedc-db-slw01pv",
              "hedc-db-slw03pv",
              "hedc-db-sw1pv",
              "hedc-db-swnm1pv",
              "hedc-db-t2022",
              "hedc-db-tfs20pv",
              "hedc-db-tfs22pv",
              "hedc-db-tsqlpv19.off",
              "hedc-db-tsqlpv19.template",
              "hedc-db-voip1pv",
              "hedc-db-vs1pv",
              "hedc-db-vs1tv",
              "hedc-f5bq01pv.mgmt.hedc.mil",
              "hedc-f5dns01pv.mgmt.hedc.mil",
              "hedc-f5dns02pv.mgmt.hedc.mil",
              "hedc-f5n01pv.mgmt.hedc.mil",
              "hedc-f5n02pv.mgmt.hedc.mil",
              "hedc-f5svc01pv.mgmt.hedc.mil",
              "hedc-f5svc02pv.mgmt.hedc.mil",
              "hedc-lbr-f51n1d",
              "hedc-lbr-f5svc1tv",
              "hedc-lbr-f5svc2tv",
              "hedc-osd-001v",
              "hedc-qs-hp1pv",
              "hedc-qs-hp2pv",
              "hedc-qs-hp3pv",
              "hedc-qs-hp4pv",
              "hedc-qs-lexm1pv",
              "hedc-qs-pr1pv",
              "hedc-qs-pr1tv",
              "hedc-ts-cyb22pv",
              "hedc-ts-hic19pv",
              "hedc-ts-inf02pv",
              "hedc-ts-ost22pv",
              "hedc-ts-oswmpv",
              "hedc-ts-pman1pv",
              "hedc-ts-rdcb1pv",
              "hedc-ts-rdcb2pv",
              "hedc-ts-rdwg1pv",
              "hedc-ts-rdwg2pv",
              "hedc-ts-sag1pv",
              "hedc-ts-sag2pv",
              "hedc-ts-sag3pv",
              "hedc-ts-tab01pv",
              "hedc-wps-cec1pv",
              "hedc-wps-cec1tv",
              "hedc-wps-cec2pv",
              "hedc-wps-cec2tv",
              "hedc-wps-cec3pv",
              "hedc-wps-cec3tv",
              "hedc-wps-cec4pv",
              "hedc-wps-cec5pv",
              "hedc-wps-cec6pv",
              "hedc-wps-cec7pv",
              "hedc-ws-abw1dv",
              "hedc-ws-abw1pv",
              "hedc-ws-abw1tv",
              "hedc-ws-cers1pv",
              "hedc-ws-cers1tv",
              "hedc-ws-clt1pv",
              "hedc-ws-dril3dv",
              "hedc-ws-dril3pv",
              "hedc-ws-dril3tv",
              "hedc-ws-dril4pv",
              "hedc-ws-dsri1dv",
              "hedc-ws-dsri1pv",
              "hedc-ws-dsri1tv",
              "hedc-ws-dsri2dv",
              "hedc-ws-dsri2pv",
              "hedc-ws-dsri2tv",
              "hedc-ws-fnam2pv",
              "hedc-ws-fnam2tv",
              "hedc-ws-ft22pv",
              "hedc-ws-ft22tv",
              "hedc-ws-hz1dv",
              "hedc-ws-hz1pv",
              "hedc-ws-hz1tv",
              "hedc-ws-mt1dv",
              "hedc-ws-mt1pv",
              "hedc-ws-mt1tv",
              "hedc-ws-osc1pv",
              "hedc-ws-pdds1dv",
              "hedc-ws-pdds1pv",
              "hedc-ws-pdds1tv",
              "hedc-ws-pdds2pv",
              "hedc-ws-pdds2tv",
              "hedc-ws-pn1dv",
              "hedc-ws-pn1pv",
              "hedc-ws-pn1tv",
              "hedc-ws-slw01pv",
              "hedc-ws-slw03pv",
              "hedc-ws-sw1pv",
              "hedc-ws-sw2pv",
              "hedc-ws-sw4pv",
              "hedc-ws-swnm1pv",
              "hedc-ws-t2022",
              "hedc-ws-teamcpv",
              "hedc-ws-tfs20pv",
              "hedc-ws-tfs22pv",
              "hedc-ws-voip1pv",
              "hedc-ws-wsm1pv",
              "hedc-ws-wsm1tv",
              "hedcv-a10-00",
              "hedcv-a10-01",
              "hedcv-a10-02",
              "hedcv-a10-03",
              "hedcv-a10-04",
              "hedcv-a10-05",
              "hedcv-a10-06",
              "hedcv-a10-07",
              "hedcv-a10-08",
              "hedcv-a10-10",
              "hedcv-ccri01",
              "hedcv-ccri02",
              "hedcv-ccri03",
              "hic-apaddms10p",
              "hic-apipa1p.hic.hedc.mil",
              "hic-apipa2p.hic.hedc.mil",
              "hic-apsl1p.hic.hedc.mil",
              "hic-hedc1p.hic.hedc.mil",
              "hic-lbr-f5n1pv",
              "hic-lbr-f5n2pv",
              "jason-oel9",
              "jason-ol9-app1",
              "jason-ol9-db1",
              "krsm-as-hpwj2pv",
              "krsm-lbr-f5n1accv",
              "krsm-lbr-f5n1tv",
              "krsm-lbr-f5n2accv",
              "krsm-lbr-f5n2dv",
              "krsm-lbr-f5n2tv",
              "krsm-lbr-f5svc1dv",
              "krsm-lbr-f5svc2dv",
              "krsm-vcm-cmp01v",
              "krsm-vcm-cmpub01v",
              "krsm-vcm-cms01v",
              "krsm-vcm-cms02v",
              "krsm-vcm-cms03v",
              "krsm-vcm-cms04v",
              "krsm-vcm-cms1buv",
              "krsm-vcm-cms2buv",
              "krsm-vcm-cms3buv",
              "krsm-vcm-cms4buv",
              "krsm-vcm-cmsub01v",
              "krsm-vcm-cmsub02v",
              "krsm-vcm-moh01v",
              "krsm-vcm-pcd02",
              "krsm-vcm-tftp01v",
              "krsm-vcm-tftp02v",
              "krsm-vcm-tftps01v",
              "krsm-vcm-utyp01v",
              "krsm-vcmm-utys01v",
              "krsm-vmc-pcd01",
              "krsm-ws-imnt1pv",
              "krsm-ws-imnt2pv",
              "krsm-ws-ipan1pv",
              "krsm-ws-ipan2pv",
              "krsm-ws-ipsn1pv",
              "krsm-ws-ipsn2pv",
              "krsm-ws-ipsn3pv",
              "krsm-ws-ipsn4pv",
              "krsm-ws-itac1pv",
              "krsm-ws-itac2pv",
              "krsm-ws-vs1pv",
              "oc-apfpr13p.oc.hedc.mil",
              "oel9-enc",
              "oel9ap",
              "oel9db",
              "os-oel9x64",
              "os-rs7x64",
              "os-rs8x64.idm.hedc.mil",
              "rhel9ap",
              "rhel9db",
              "vCLS-0575ae77-4ba1-8944-b4ee-70bff16edd7c",
              "vCLS-0980ba4b-3ef5-b746-a59f-360ca4c96e92",
              "vCLS-0a3a7aab-d2c6-7547-aa35-6f595ab8f10c",
              "vCLS-169b89e1-ec19-f840-b885-7fb97474b09c",
              "vCLS-182c98cc-5c73-9744-9fd1-e8c4562fa367",
              "vCLS-1abd6bec-c132-1844-b1c7-be448a5736ff",
              "vCLS-327e710d-abf7-4441-a30b-b39963ac5ad4",
              "vCLS-33165b5f-9217-9848-9c77-c84d4da7056e",
              "vCLS-37353738-3338-4d32-3238-313430305946",
              "vCLS-37353738-3338-4d32-3238-313430305948",
              "vCLS-3d45d2e1-6ea1-2c47-bea4-a06449302592",
              "vCLS-3e70932a-e8b3-2945-82f8-ccdda96e2e9f",
              "vCLS-4e7cf506-a8c1-a64c-afd1-5ea327c0b1a5",
              "vCLS-57c4f30a-b16c-0544-9764-7e5a247d71f6",
              "vCLS-5dc8905f-22e2-c846-a13f-db812353107f",
              "vCLS-5f82457c-fe41-bb4c-a959-7ab5dc88ef57",
              "vCLS-63665889-9de7-5749-9252-f397c249381b",
              "vCLS-666d668f-b162-2a49-935d-85ebdd96c308",
              "vCLS-688672d7-eee7-7440-b43c-de861ceb6adb",
              "vCLS-6b4daedb-04af-844a-bcd6-e784190b2061",
              "vCLS-73ff7728-5c40-1b49-8ea4-9f9e6a276643",
              "vCLS-768e653a-8b26-bd40-b1d0-1135249497c5",
              "vCLS-79c4c1fc-cd20-7f4c-ae9d-6d13da85a695",
              "vCLS-7c0b9a21-882c-c04a-8adc-dd8ef35a208b",
              "vCLS-81844b48-7a51-0841-8f47-00b8a9b2ce2a",
              "vCLS-8f868d3c-155c-3740-ad64-0eeecded0040",
              "vCLS-98cc9722-6b04-794a-b138-de4ed6bcee08",
              "vCLS-a4910cc5-fe2f-f74b-a555-66310004c5f9",
              "vCLS-ae735b59-17af-f24e-a805-8ae5bed2bb98",
              "vCLS-b1831ab0-97cf-614a-9e52-1ed7c9407479",
              "vCLS-b873cb7c-6cea-164c-962c-2be71ed9dcb1",
              "vCLS-babe0055-be82-7341-a272-d9a5c44f93d7",
              "vCLS-bc5fd76e-ed83-1a44-ba4d-53f5741fdc9b",
              "vCLS-c5f38e7d-d6a2-a041-be3f-9fb34af8e560",
              "vCLS-c9e22a07-7fd2-5847-a978-4be12166df07",
              "vCLS-cfa1be4b-55f8-fa47-8c1b-89a59516208c",
              "vCLS-d28aa4e0-2b85-9643-a50f-dd1c466c1d3c",
              "vCLS-d7930c51-b404-5d4c-9479-858ed8ed67c5",
              "vCLS-ded14562-6d78-9845-bd03-2cc284071eb5",
              "vCLS-ea5e9c8a-4394-414b-b360-d5491aee1525",
              "vCLS-f952c67b-725a-b347-8bb8-2a97e0b08977",
              "vanapachebld.template",
              "vanguibld.template",
              "vanipabld.template",
              "vanoraclebld.template",
              "vanrhel8bld.template",
              "vanwlsbld-clone.template",
              "vanwlsbld.template"
            ]
          },
          "sensitive_attributes": [],
          "identity_schema_version": 0
        }
      ]
    },
    {
      "module": "module.vm[\"apolrpm1p.idm.hedc.mil\"]",
      "mode": "data",
      "type": "vsphere_datastore",
      "name": "datastore",
      "provider": "provider[\"registry.terraform.io/hashicorp/vsphere\"]",
      "instances": [
        {
          "schema_version": 0,
          "attributes": {
            "datacenter_id": "datacenter-2",
            "id": "datastore-15148613",
            "name": "G00-HEDC-ADMIN-SA213-L253",
            "stats": {
              "capacity": "16492405981184",
              "free": "10454331031552"
            }
          },
          "sensitive_attributes": [],
          "identity_schema_version": 0
        }
      ]
    },
    {
      "module": "module.vm[\"apolrpm1p.idm.hedc.mil\"]",
      "mode": "data",
      "type": "vsphere_network",
      "name": "network",
      "provider": "provider[\"registry.terraform.io/hashicorp/vsphere\"]",
      "instances": [
        {
          "index_key": "ens33",
          "schema_version": 0,
          "attributes": {
            "datacenter_id": "datacenter-2",
            "distributed_virtual_switch_uuid": null,
            "filter": null,
            "id": "dvportgroup-11731346",
            "name": "dv-HEDC-APP-WEB-PROD-506",
            "retry_interval": 500,
            "retry_timeout": 0,
            "type": "DistributedVirtualPortgroup"
          },
          "sensitive_attributes": [],
          "identity_schema_version": 0
        }
      ]
    },
    {
      "module": "module.vm[\"apolrpm1p.idm.hedc.mil\"]",
      "mode": "data",
      "type": "vsphere_storage_policy",
      "name": "vm_policy",
      "provider": "provider[\"registry.terraform.io/hashicorp/vsphere\"]",
      "instances": [
        {
          "index_key": 0,
          "schema_version": 0,
          "attributes": {
            "id": "4d5f673c-536f-11e6-beb8-9e71128cae77",
            "name": "VM Encryption Policy"
          },
          "sensitive_attributes": [],
          "identity_schema_version": 0
        }
      ]
    },
    {
      "module": "module.vm[\"apolrpm1p.idm.hedc.mil\"]",
      "mode": "data",
      "type": "vsphere_virtual_machine",
      "name": "template",
      "provider": "provider[\"registry.terraform.io/hashicorp/vsphere\"]",
      "instances": [
        {
          "schema_version": 0,
          "attributes": {
            "alternate_guest_name": "",
            "annotation": "",
            "boot_delay": 0,
            "boot_retry_delay": 10000,
            "boot_retry_enabled": false,
            "change_version": "2026-04-24T19:00:49.140331Z",
            "cpu_hot_add_enabled": false,
            "cpu_hot_remove_enabled": false,
            "cpu_limit": -1,
            "cpu_performance_counters_enabled": false,
            "cpu_reservation": 0,
            "cpu_share_count": 4000,
            "cpu_share_level": "normal",
            "datacenter_id": "datacenter-2",
            "default_ip_address": null,
            "disks": [
              {
                "eagerly_scrub": false,
                "label": "Hard disk 1",
                "size": 70,
                "thin_provisioned": false,
                "unit_number": 0
              },
              {
                "eagerly_scrub": false,
                "label": "Hard disk 2",
                "size": 60,
                "thin_provisioned": false,
                "unit_number": 1
              }
            ],
            "efi_secure_boot_enabled": true,
            "enable_disk_uuid": false,
            "enable_logging": true,
            "ept_rvi_mode": "",
            "extra_config": {},
            "extra_config_reboot_required": true,
            "firmware": "efi",
            "folder": null,
            "guest_id": "oracleLinux9_64Guest",
            "guest_ip_addresses": [],
            "hardware_version": 21,
            "hv_mode": "",
            "id": "423ae92a-4041-6e61-3736-b4f937f5ad71",
            "ide_controller_scan_count": 2,
            "instance_uuid": "503acd2d-9a6e-1c57-cdeb-59276bb78bad",
            "latency_sensitivity": "normal",
            "memory": 8192,
            "memory_hot_add_enabled": false,
            "memory_limit": -1,
            "memory_reservation": 0,
            "memory_reservation_locked_to_max": false,
            "memory_share_count": 81920,
            "memory_share_level": "normal",
            "moid": "vm-16906384",
            "name": "oel9-enc",
            "nested_hv_enabled": false,
            "network_interface_types": [
              "vmxnet3"
            ],
            "network_interfaces": [
              {
                "adapter_type": "vmxnet3",
                "bandwidth_limit": -1,
                "bandwidth_reservation": 0,
                "bandwidth_share_count": 50,
                "bandwidth_share_level": "normal",
                "mac_address": "00:50:56:ba:d1:c5",
                "network_id": "dvportgroup-11731357",
                "physical_function": ""
              }
            ],
            "num_cores_per_socket": 1,
            "num_cpus": 4,
            "nvme_controller_scan_count": 1,
            "replace_trigger": null,
            "run_tools_scripts_after_power_on": true,
            "run_tools_scripts_after_resume": true,
            "run_tools_scripts_before_guest_reboot": false,
            "run_tools_scripts_before_guest_shutdown": true,
            "run_tools_scripts_before_guest_standby": true,
            "sata_controller_scan_count": 0,
            "scsi_bus_sharing": "noSharing",
            "scsi_controller_scan_count": 1,
            "scsi_type": "pvscsi",
            "storage_policy_id": null,
            "swap_placement_policy": "inherit",
            "sync_time_with_host": true,
            "sync_time_with_host_periodically": false,
            "tools_upgrade_policy": "manual",
            "uuid": "423ae92a-4041-6e61-3736-b4f937f5ad71",
            "vapp": null,
            "vapp_transport": [],
            "vbs_enabled": false,
            "vtpm": false,
            "vvtd_enabled": false
          },
          "sensitive_attributes": [],
          "identity_schema_version": 0
        }
      ]
    },
    {
      "module": "module.vm[\"apolrpm1p.idm.hedc.mil\"]",
      "mode": "managed",
      "type": "vsphere_virtual_machine",
      "name": "this",
      "provider": "provider[\"registry.terraform.io/hashicorp/vsphere\"]",
      "instances": [
        {
          "schema_version": 3,
          "attributes": {
            "alternate_guest_name": "",
            "annotation": "Oracle Linux 9 - Repository Server",
            "boot_delay": 0,
            "boot_retry_delay": 10000,
            "boot_retry_enabled": false,
            "cdrom": [],
            "change_version": "2026-04-27T19:45:21.627668Z",
            "clone": [
              {
                "customization_spec": [],
                "customize": [],
                "linked_clone": false,
                "ovf_network_map": null,
                "ovf_storage_map": null,
                "template_uuid": "423ae92a-4041-6e61-3736-b4f937f5ad71",
                "timeout": 30
              }
            ],
            "cpu_hot_add_enabled": false,
            "cpu_hot_remove_enabled": false,
            "cpu_limit": -1,
            "cpu_performance_counters_enabled": false,
            "cpu_reservation": 0,
            "cpu_share_count": 4000,
            "cpu_share_level": "normal",
            "custom_attributes": null,
            "datacenter_id": null,
            "datastore_cluster_id": null,
            "datastore_id": "datastore-15148613",
            "default_ip_address": null,
            "disk": [
              {
                "attach": false,
                "controller_type": "scsi",
                "datastore_id": "datastore-15148613",
                "device_address": "scsi:0:0",
                "disk_mode": "persistent",
                "disk_sharing": "sharingNone",
                "eagerly_scrub": false,
                "io_limit": -1,
                "io_reservation": 0,
                "io_share_count": 1000,
                "io_share_level": "normal",
                "keep_on_remove": false,
                "key": 2000,
                "label": "disk0",
                "path": "apolrpm1p/apolrpm1p.vmdk",
                "size": 70,
                "storage_policy_id": "4d5f673c-536f-11e6-beb8-9e71128cae77",
                "thin_provisioned": false,
                "unit_number": 0,
                "uuid": "6000C29b-377f-e698-672b-abe61dbbbf61",
                "write_through": false
              },
              {
                "attach": false,
                "controller_type": "scsi",
                "datastore_id": "datastore-15148613",
                "device_address": "scsi:0:1",
                "disk_mode": "persistent",
                "disk_sharing": "sharingNone",
                "eagerly_scrub": false,
                "io_limit": -1,
                "io_reservation": 0,
                "io_share_count": 1000,
                "io_share_level": "normal",
                "keep_on_remove": false,
                "key": 2001,
                "label": "app",
                "path": "apolrpm1p/apolrpm1p_1.vmdk",
                "size": 60,
                "storage_policy_id": "4d5f673c-536f-11e6-beb8-9e71128cae77",
                "thin_provisioned": false,
                "unit_number": 1,
                "uuid": "6000C295-cf74-a0f3-ef8a-49e817bb5fb4",
                "write_through": false
              },
              {
                "attach": false,
                "controller_type": "scsi",
                "datastore_id": "datastore-15148613",
                "device_address": "scsi:0:3",
                "disk_mode": "persistent",
                "disk_sharing": "sharingNone",
                "eagerly_scrub": false,
                "io_limit": -1,
                "io_reservation": 0,
                "io_share_count": 1000,
                "io_share_level": "normal",
                "keep_on_remove": false,
                "key": 2003,
                "label": "data",
                "path": "apolrpm1p/apolrpm1p_2.vmdk",
                "size": 500,
                "storage_policy_id": "4d5f673c-536f-11e6-beb8-9e71128cae77",
                "thin_provisioned": false,
                "unit_number": 3,
                "uuid": "6000C293-d848-177b-2591-2b28c200357b",
                "write_through": false
              }
            ],
            "efi_secure_boot_enabled": false,
            "enable_disk_uuid": false,
            "enable_logging": false,
            "ept_rvi_mode": "",
            "extra_config": {
              "guestinfo.metadata": "H4sIAAAAAAAA/2yPUW7DIAyG3zmFL1AaEi2quI0HXmONGITdVbn9lLVaM2m88f2ff8ssaiiJTpwjYKultzU0V2rCclqqmuBKh8RzXv1COfmVixOye+2f0QF8UVeuEiE4gFTlg687BjiBbY0itGVTTlh+IMCjl0Sn6Un09i5kGt3z/xpVQ+P0iwEw506qEcLg5+Avfr6cx9EdjCsa3XF7GWF0x7zXm5HGA9nXZVJjQXscMvi32Q9+OIfpj/dfu9vfNwAAAP//AQAA//+vc/raTQEAAA==",
              "guestinfo.metadata.encoding": "gzip+base64",
              "guestinfo.userdata": "H4sIAAAAAAAA/3xTXXPaOBR996+4QzOT7bbghO+4w4P5SPkKED4L2Q4jJNkW2JKRZByz3f++Y0Pa9GGXB2buueceHV0ffcC+iEgeC+4w1wglVVSe6NYTSnMUUAsc5Ctq/KpRKHwZBveh4RwJf1cXGAkKHiW4EDDfCBBHLt1SjTMt9SYUKSqVZQDk4aKXTiASGAAAKiLCgpecPRw2/rCHw48wGk/s2WzVtuzhMPc9I7lSRKGy4CX2KPUvmPKo71tg7hg3d0h5GegLfNiGSKmYvJ2ecZW3RZH2hGRnSrYHmmR+0l8+bealQmDbtt0sjc6odZ/gYicre7Ft288dW9Xmg0+bpsDtFl7ISi0KBpNafTlqHauMVZLQC6s0cA6JWixKq3Vp1cVKfO08R73m/R3bOMW62eHnGab9Y3+F5jOxfFyvMCb18nxQapP63Jw8xMPz7tjZT+OmswjXG/d01sVyZ70/yKgatZ6DcSXYTKbPw70g96V9VLk/+U2xc91muDmbdU8l38a1GtUr9zS667bitds9FB9fx6XVudbdh4NdrUSm67uOfD1+qq2HHjqvd6PTt6LHl4+9Ig59Ifar114fs+aM3wc1lVSJ6/kbV319OLbZpLsrzasbFB03h0VRVzwVk6/mvi0+le/EePEad7tP04qj6m26GrxO+53p06mvk9l4t9QTfi6vH04Tf9nrLsuDfmKGrXaxN40bDSNE+JCGJgoJ0tQCLt5BrkTkghmxZJpuHebTa5JCpD0LTKqxOaI6FvLwlMVPmmmuC8R8uMsTrgpplX3qkMqAKcUEVxbc3lXL5dsMFzGn0gIphLbSvwzEgmvKtQU/rjF5CRDj368F4apBuAqQOhqGjDgOyMXUCyjvM+TxZ7il2BOQa0bM17BLYE6lRI6QASBO4PIAGWc6dwvfs1EtIuxd7pN1zV+cAmEK7XxKMuKbIx5gn0FeQ96Bkf3UST1zijUTHJQnYvgBscd8Cr3HWQMkRQTyMiN9ASKuIgAYKQq5mxTPAeM/cYBZojQN/oI/P74DATiNt+kzbuRu/k6nPlx48E/ud1pm752nQBDmJD+P+tUpMAK5mzfZ31W+fPlZUoXw2/4Fp8Z/HCOpL9BlUzJId/N/EXnIv9vyNSl5UNmFsPZBUqWR1PD7uOEwjvxtQJVCLrUgN/fodQiYgqzrJxCFnwE5mkq4WUzmvacOKIoFJypn/AsAAP//AQAA///y0x7oggUAAA==",
              "guestinfo.userdata.encoding": "gzip+base64"
            },
            "extra_config_reboot_required": true,
            "firmware": "efi",
            "folder": "Infrastructure_Services/HEDC_Engineering_Servers/HEDC_RHEL_Repo",
            "force_power_off": true,
            "guest_id": "oracleLinux9_64Guest",
            "guest_ip_addresses": [],
            "hardware_version": 21,
            "host_system_id": "host-15669463",
            "hv_mode": "",
            "id": "423aed73-c599-b9da-dab3-646aba02192a",
            "ide_controller_count": 2,
            "ignored_guest_ips": null,
            "imported": null,
            "latency_sensitivity": "normal",
            "memory": 8192,
            "memory_hot_add_enabled": false,
            "memory_limit": -1,
            "memory_reservation": 0,
            "memory_reservation_locked_to_max": false,
            "memory_share_count": 81920,
            "memory_share_level": "normal",
            "migrate_wait_timeout": 30,
            "moid": "vm-16946445",
            "name": "apolrpm1p",
            "nested_hv_enabled": false,
            "network_interface": [
              {
                "adapter_type": "vmxnet3",
                "bandwidth_limit": -1,
                "bandwidth_reservation": 0,
                "bandwidth_share_count": 50,
                "bandwidth_share_level": "normal",
                "device_address": "pci:0:7",
                "key": 4000,
                "mac_address": "00:50:56:ba:0f:24",
                "network_id": "dvportgroup-11731346",
                "ovf_mapping": "",
                "physical_function": "",
                "use_static_mac": false
              }
            ],
            "num_cores_per_socket": 1,
            "num_cpus": 4,
            "nvme_controller_count": 0,
            "ovf_deploy": [],
            "pci_device_id": null,
            "power_state": "on",
            "poweron_timeout": 300,
            "reboot_required": false,
            "replace_trigger": null,
            "resource_pool_id": "resgroup-45975",
            "run_tools_scripts_after_power_on": true,
            "run_tools_scripts_after_resume": true,
            "run_tools_scripts_before_guest_reboot": false,
            "run_tools_scripts_before_guest_shutdown": true,
            "run_tools_scripts_before_guest_standby": true,
            "sata_controller_count": 0,
            "scsi_bus_sharing": "noSharing",
            "scsi_controller_count": 1,
            "scsi_type": "pvscsi",
            "shutdown_wait_timeout": 3,
            "storage_policy_id": "4d5f673c-536f-11e6-beb8-9e71128cae77",
            "swap_placement_policy": "inherit",
            "sync_time_with_host": true,
            "sync_time_with_host_periodically": false,
            "tags": null,
            "tools_upgrade_policy": "manual",
            "uuid": "423aed73-c599-b9da-dab3-646aba02192a",
            "vapp": [],
            "vapp_transport": [],
            "vbs_enabled": false,
            "vmware_tools_status": "guestToolsNotRunning",
            "vmx_path": "apolrpm1p/apolrpm1p.vmx",
            "vtpm": [],
            "vvtd_enabled": false,
            "wait_for_guest_ip_timeout": 0,
            "wait_for_guest_net_routable": true,
            "wait_for_guest_net_timeout": 0
          },
          "sensitive_attributes": [],
          "identity_schema_version": 0,
          "private": "eyJzY2hlbWFfdmVyc2lvbiI6IjMifQ==",
          "dependencies": [
            "module.vm.data.vsphere_compute_cluster.cluster",
            "module.vm.data.vsphere_datacenter.dc",
            "module.vm.data.vsphere_datastore.datastore",
            "module.vm.data.vsphere_network.network",
            "module.vm.data.vsphere_resource_pool.pool",
            "module.vm.data.vsphere_storage_policy.vm_policy",
            "module.vm.data.vsphere_virtual_machine.template"
          ]
        }
      ]
    }
  ],
  "check_results": null
}
